
Microsoft Visual Studio Solution File, Format Version 12.00
# Visual Studio Version 17
VisualStudioVersion = 17.6.33815.320
MinimumVisualStudioVersion = 10.0.40219.1
Project("{9A19103F-16F7-4668-BE54-9A1E7A4F7556}") = "szorzotabla", "szorzotabla\szorzotabla.csproj", "{6B207E63-D6DE-4323-A9DC-3C2BBBB7AA01}"
EndProject
Project("{9A19103F-16F7-4668-BE54-9A1E7A4F7556}") = "fibonacci", "fibonacci\fibonacci.csproj", "{699C23B9-A69E-4AAC-9FC3-5722C662578F}"
EndProject
Project("{FAE04EC0-301F-11D3-BF4B-00C04F79EFBC}") = "3gyak", "3gyak\3gyak.csproj", "{F54DE30F-9822-47E4-BFD4-E05CAC717CF4}"
EndProject
Global
	GlobalSection(SolutionConfigurationPlatforms) = preSolution
		Debug|Any CPU = Debug|Any CPU
		Release|Any CPU = Release|Any CPU
	EndGlobalSection
	GlobalSection(ProjectConfigurationPlatforms) = postSolution
		{6B207E63-D6DE-4323-A9DC-3C2BBBB7AA01}.Debug|Any CPU.ActiveCfg = Debug|Any CPU
		{6B207E63-D6DE-4323-A9DC-3C2BBBB7AA01}.Debug|Any CPU.Build.0 = Debug|Any CPU
		{6B207E63-D6DE-4323-A9DC-3C2BBBB7AA01}.Release|Any CPU.ActiveCfg = Release|Any CPU
		{6B207E63-D6DE-4323-A9DC-3C2BBBB7AA01}.Release|Any CPU.Build.0 = Release|Any CPU
		{699C23B9-A69E-4AAC-9FC3-5722C662578F}.Debug|Any CPU.ActiveCfg = Debug|Any CPU
		{699C23B9-A69E-4AAC-9FC3-5722C662578F}.Debug|Any CPU.Build.0 = Debug|Any CPU
		{699C23B9-A69E-4AAC-9FC3-5722C662578F}.Release|Any CPU.ActiveCfg = Release|Any CPU
		{699C23B9-A69E-4AAC-9FC3-5722C662578F}.Release|Any CPU.Build.0 = Release|Any CPU
		{F54DE30F-9822-47E4-BFD4-E05CAC717CF4}.Debug|Any CPU.ActiveCfg = Debug|Any CPU
		{F54DE30F-9822-47E4-BFD4-E05CAC717CF4}.Debug|Any CPU.Build.0 = Debug|Any CPU
		{F54DE30F-9822-47E4-BFD4-E05CAC717CF4}.Release|Any CPU.ActiveCfg = Release|Any CPU
		{F54DE30F-9822-47E4-BFD4-E05CAC717CF4}.Release|Any CPU.Build.0 = Release|Any CPU
	EndGlobalSection
	GlobalSection(SolutionProperties) = preSolution
		HideSolutionNode = FALSE
	EndGlobalSection
	GlobalSection(ExtensibilityGlobals) = postSolution
		SolutionGuid = {3139AD12-717E-4895-90F5-0FD9F0E6EEA0}
	EndGlobalSection
EndGlobal
